<?xml version="1.0" encoding="utf-8"?>
<Project ToolsVersion="4.0" xmlns="http://schemas.microsoft.com/developer/msbuild/2003">
  <ItemGroup>
    <Filter Include="Исходные файлы">
      <UniqueIdentifier>{4FC737F1-C7A5-4376-A066-2A32D752A2FF}</UniqueIdentifier>
      <Extensions>cpp;c;cc;cxx;def;odl;idl;hpj;bat;asm;asmx</Extensions>
    </Filter>
    <Filter Include="Файлы заголовков">
      <UniqueIdentifier>{93995380-89BD-4b04-88EB-625FBE52EBFB}</UniqueIdentifier>
      <Extensions>h;hh;hpp;hxx;hm;inl;inc;ipp;xsd</Extensions>
    </Filter>
    <Filter Include="Файлы ресурсов">
      <UniqueIdentifier>{67DA6AB6-F800-4c08-8B7A-83BB121AAD01}</UniqueIdentifier>
      <Extensions>rc;ico;cur;bmp;dlg;rc2;rct;bin;rgs;gif;jpg;jpeg;jpe;resx;tiff;tif;png;wav;mfcribbon-ms</Extensions>
    </Filter>
    <Filter Include="Исходные файлы\CORE">
      <UniqueIdentifier>{645aad5d-1d5b-4515-8246-d32b1f9c9195}</UniqueIdentifier>
    </Filter>
    <Filter Include="Файлы заголовков\CORE">
      <UniqueIdentifier>{d4e650e0-79f9-4747-9eac-11405240a4ca}</UniqueIdentifier>
    </Filter>
    <Filter Include="Исходные файлы\INTERFACES">
      <UniqueIdentifier>{c2c2678c-2dca-484b-959a-fbc7324f48f2}</UniqueIdentifier>
    </Filter>
    <Filter Include="Файлы заголовков\INTERFACES">
      <UniqueIdentifier>{eb253060-1c6d-4f5e-88b5-28eb05862a86}</UniqueIdentifier>
    </Filter>
    <Filter Include="Исходные файлы\TOOLS">
      <UniqueIdentifier>{f3cfc4f9-180e-4cb9-a8ec-d849939fc28a}</UniqueIdentifier>
    </Filter>
    <Filter Include="Файлы заголовков\TOOLS">
      <UniqueIdentifier>{39881ee1-3409-41b8-90b5-1eed7b669937}</UniqueIdentifier>
    </Filter>
    <Filter Include="Файлы заголовков\INTERFACES\GAME">
      <UniqueIdentifier>{8e61955e-497e-4c00-aae3-8d7c71e2b326}</UniqueIdentifier>
    </Filter>
  </ItemGroup>
  <ItemGroup>
    <ClCompile Include="dllmain.cpp">
      <Filter>Исходные файлы</Filter>
    </ClCompile>
    <ClCompile Include="hack_core.cpp">
      <Filter>Исходные файлы\CORE</Filter>
    </ClCompile>
    <ClCompile Include="interfaces.cpp">
      <Filter>Исходные файлы\INTERFACES</Filter>
    </ClCompile>
    <ClCompile Include="mem_tools.cpp">
      <Filter>Файлы заголовков\TOOLS</Filter>
    </ClCompile>
    <ClCompile Include="command_executor.cpp">
      <Filter>Исходные файлы\CORE</Filter>
    </ClCompile>
  </ItemGroup>
  <ItemGroup>
    <ClInclude Include="hack_core.h">
      <Filter>Файлы заголовков\CORE</Filter>
    </ClInclude>
    <ClInclude Include="singleton.h">
      <Filter>Файлы заголовков</Filter>
    </ClInclude>
    <ClInclude Include="interfaces.h">
      <Filter>Файлы заголовков\INTERFACES</Filter>
    </ClInclude>
    <ClInclude Include="mem_tools.h">
      <Filter>Исходные файлы\TOOLS</Filter>
    </ClInclude>
    <ClInclude Include="include_all_interfaces.h">
      <Filter>Файлы заголовков\INTERFACES</Filter>
    </ClInclude>
    <ClInclude Include="game_interfaces\ivengineclient.h">
      <Filter>Файлы заголовков\INTERFACES\GAME</Filter>
    </ClInclude>
    <ClInclude Include="command_executor.h">
      <Filter>Файлы заголовков\CORE</Filter>
    </ClInclude>
  </ItemGroup>
</Project>